
Microsoft Visual Studio Solution File, Format Version 12.00
# Visual Studio Version 17
VisualStudioVersion = 17.3.32929.385
MinimumVisualStudioVersion = 10.0.40219.1
Project("{FAE04EC0-301F-11D3-BF4B-00C04F79EFBC}") = "WindowsFormsApp3", "WindowsFormsApp3.csproj", "{6A1337B1-58BB-4620-81E3-B55838104CDA}"
EndProject
Global
	GlobalSection(SolutionConfigurationPlatforms) = preSolution
		Debug|Any CPU = Debug|Any CPU
		Release|Any CPU = Release|Any CPU
	EndGlobalSection
	GlobalSection(ProjectConfigurationPlatforms) = postSolution
		{6A1337B1-58BB-4620-81E3-B55838104CDA}.Debug|Any CPU.ActiveCfg = Debug|Any CPU
		{6A1337B1-58BB-4620-81E3-B55838104CDA}.Debug|Any CPU.Build.0 = Debug|Any CPU
		{6A1337B1-58BB-4620-81E3-B55838104CDA}.Release|Any CPU.ActiveCfg = Release|Any CPU
		{6A1337B1-58BB-4620-81E3-B55838104CDA}.Release|Any CPU.Build.0 = Release|Any CPU
	EndGlobalSection
	GlobalSection(SolutionProperties) = preSolution
		HideSolutionNode = FALSE
	EndGlobalSection
	GlobalSection(ExtensibilityGlobals) = postSolution
		SolutionGuid = {BC744AFE-46E3-4018-8CFD-A0E121FFB155}
	EndGlobalSection
EndGlobal
