
Microsoft Visual Studio Solution File, Format Version 12.00
# Visual Studio Version 17
VisualStudioVersion = 17.3.32929.385
MinimumVisualStudioVersion = 10.0.40219.1
Project("{9A19103F-16F7-4668-BE54-9A1E7A4F7556}") = "UserControls", "UserControls.csproj", "{D5D0E77B-6FA0-4519-9708-6370E6138A81}"
EndProject
Project("{FAE04EC0-301F-11D3-BF4B-00C04F79EFBC}") = "ControlTest", "..\ControlTest\ControlTest.csproj", "{C6BA4990-3CBB-4552-AB61-3087D897828A}"
EndProject
Project("{9A19103F-16F7-4668-BE54-9A1E7A4F7556}") = "WpfCustomControlLibrary1", "..\WpfCustomControlLibrary1\WpfCustomControlLibrary1.csproj", "{5315B011-73F6-4DCF-8888-8F3A94380C7B}"
EndProject
Project("{9A19103F-16F7-4668-BE54-9A1E7A4F7556}") = "WpfApp1", "..\WpfApp1\WpfApp1.csproj", "{0C3C9CD6-3B80-4764-AA2D-5EF439320DD2}"
EndProject
Global
	GlobalSection(SolutionConfigurationPlatforms) = preSolution
		Debug|Any CPU = Debug|Any CPU
		Debug|x64 = Debug|x64
		Release|Any CPU = Release|Any CPU
		Release|x64 = Release|x64
	EndGlobalSection
	GlobalSection(ProjectConfigurationPlatforms) = postSolution
		{D5D0E77B-6FA0-4519-9708-6370E6138A81}.Debug|Any CPU.ActiveCfg = Debug|Any CPU
		{D5D0E77B-6FA0-4519-9708-6370E6138A81}.Debug|Any CPU.Build.0 = Debug|Any CPU
		{D5D0E77B-6FA0-4519-9708-6370E6138A81}.Debug|x64.ActiveCfg = Debug|x64
		{D5D0E77B-6FA0-4519-9708-6370E6138A81}.Debug|x64.Build.0 = Debug|x64
		{D5D0E77B-6FA0-4519-9708-6370E6138A81}.Release|Any CPU.ActiveCfg = Release|Any CPU
		{D5D0E77B-6FA0-4519-9708-6370E6138A81}.Release|Any CPU.Build.0 = Release|Any CPU
		{D5D0E77B-6FA0-4519-9708-6370E6138A81}.Release|x64.ActiveCfg = Release|x64
		{D5D0E77B-6FA0-4519-9708-6370E6138A81}.Release|x64.Build.0 = Release|x64
		{C6BA4990-3CBB-4552-AB61-3087D897828A}.Debug|Any CPU.ActiveCfg = Debug|Any CPU
		{C6BA4990-3CBB-4552-AB61-3087D897828A}.Debug|Any CPU.Build.0 = Debug|Any CPU
		{C6BA4990-3CBB-4552-AB61-3087D897828A}.Debug|x64.ActiveCfg = Debug|x64
		{C6BA4990-3CBB-4552-AB61-3087D897828A}.Debug|x64.Build.0 = Debug|x64
		{C6BA4990-3CBB-4552-AB61-3087D897828A}.Release|Any CPU.ActiveCfg = Release|Any CPU
		{C6BA4990-3CBB-4552-AB61-3087D897828A}.Release|Any CPU.Build.0 = Release|Any CPU
		{C6BA4990-3CBB-4552-AB61-3087D897828A}.Release|x64.ActiveCfg = Release|x64
		{C6BA4990-3CBB-4552-AB61-3087D897828A}.Release|x64.Build.0 = Release|x64
		{5315B011-73F6-4DCF-8888-8F3A94380C7B}.Debug|Any CPU.ActiveCfg = Debug|Any CPU
		{5315B011-73F6-4DCF-8888-8F3A94380C7B}.Debug|Any CPU.Build.0 = Debug|Any CPU
		{5315B011-73F6-4DCF-8888-8F3A94380C7B}.Debug|x64.ActiveCfg = Debug|x64
		{5315B011-73F6-4DCF-8888-8F3A94380C7B}.Debug|x64.Build.0 = Debug|x64
		{5315B011-73F6-4DCF-8888-8F3A94380C7B}.Release|Any CPU.ActiveCfg = Release|Any CPU
		{5315B011-73F6-4DCF-8888-8F3A94380C7B}.Release|Any CPU.Build.0 = Release|Any CPU
		{5315B011-73F6-4DCF-8888-8F3A94380C7B}.Release|x64.ActiveCfg = Release|x64
		{5315B011-73F6-4DCF-8888-8F3A94380C7B}.Release|x64.Build.0 = Release|x64
		{0C3C9CD6-3B80-4764-AA2D-5EF439320DD2}.Debug|Any CPU.ActiveCfg = Debug|Any CPU
		{0C3C9CD6-3B80-4764-AA2D-5EF439320DD2}.Debug|Any CPU.Build.0 = Debug|Any CPU
		{0C3C9CD6-3B80-4764-AA2D-5EF439320DD2}.Debug|x64.ActiveCfg = Debug|x64
		{0C3C9CD6-3B80-4764-AA2D-5EF439320DD2}.Debug|x64.Build.0 = Debug|x64
		{0C3C9CD6-3B80-4764-AA2D-5EF439320DD2}.Release|Any CPU.ActiveCfg = Release|Any CPU
		{0C3C9CD6-3B80-4764-AA2D-5EF439320DD2}.Release|Any CPU.Build.0 = Release|Any CPU
		{0C3C9CD6-3B80-4764-AA2D-5EF439320DD2}.Release|x64.ActiveCfg = Release|x64
		{0C3C9CD6-3B80-4764-AA2D-5EF439320DD2}.Release|x64.Build.0 = Release|x64
	EndGlobalSection
	GlobalSection(SolutionProperties) = preSolution
		HideSolutionNode = FALSE
	EndGlobalSection
	GlobalSection(ExtensibilityGlobals) = postSolution
		SolutionGuid = {F241CDDE-DE83-40B9-9043-0AE4FA4830E7}
	EndGlobalSection
EndGlobal
