
Microsoft Visual Studio Solution File, Format Version 12.00
# Visual Studio Version 17
VisualStudioVersion = 17.3.32929.385
MinimumVisualStudioVersion = 10.0.40219.1
Project("{FAE04EC0-301F-11D3-BF4B-00C04F79EFBC}") = "Picture Viewer", "Picture Viewer.csproj", "{78763163-9B39-44DA-A1DB-F83C8AD1346A}"
EndProject
Global
	GlobalSection(SolutionConfigurationPlatforms) = preSolution
		Debug|Any CPU = Debug|Any CPU
		Release|Any CPU = Release|Any CPU
	EndGlobalSection
	GlobalSection(ProjectConfigurationPlatforms) = postSolution
		{78763163-9B39-44DA-A1DB-F83C8AD1346A}.Debug|Any CPU.ActiveCfg = Debug|Any CPU
		{78763163-9B39-44DA-A1DB-F83C8AD1346A}.Debug|Any CPU.Build.0 = Debug|Any CPU
		{78763163-9B39-44DA-A1DB-F83C8AD1346A}.Release|Any CPU.ActiveCfg = Release|Any CPU
		{78763163-9B39-44DA-A1DB-F83C8AD1346A}.Release|Any CPU.Build.0 = Release|Any CPU
	EndGlobalSection
	GlobalSection(SolutionProperties) = preSolution
		HideSolutionNode = FALSE
	EndGlobalSection
	GlobalSection(ExtensibilityGlobals) = postSolution
		SolutionGuid = {16390A6B-706C-45FF-925D-2E30542578C8}
	EndGlobalSection
EndGlobal
