
Microsoft Visual Studio Solution File, Format Version 12.00
# Visual Studio Version 17
VisualStudioVersion = 17.3.32929.385
MinimumVisualStudioVersion = 10.0.40219.1
Project("{FAE04EC0-301F-11D3-BF4B-00C04F79EFBC}") = "TreeViewOfGCUF", "TreeViewOfGCUF.csproj", "{B28A4C71-B451-4780-93AD-B8D489576C9D}"
EndProject
Global
	GlobalSection(SolutionConfigurationPlatforms) = preSolution
		Debug|Any CPU = Debug|Any CPU
		Release|Any CPU = Release|Any CPU
	EndGlobalSection
	GlobalSection(ProjectConfigurationPlatforms) = postSolution
		{B28A4C71-B451-4780-93AD-B8D489576C9D}.Debug|Any CPU.ActiveCfg = Debug|Any CPU
		{B28A4C71-B451-4780-93AD-B8D489576C9D}.Debug|Any CPU.Build.0 = Debug|Any CPU
		{B28A4C71-B451-4780-93AD-B8D489576C9D}.Release|Any CPU.ActiveCfg = Release|Any CPU
		{B28A4C71-B451-4780-93AD-B8D489576C9D}.Release|Any CPU.Build.0 = Release|Any CPU
	EndGlobalSection
	GlobalSection(SolutionProperties) = preSolution
		HideSolutionNode = FALSE
	EndGlobalSection
	GlobalSection(ExtensibilityGlobals) = postSolution
		SolutionGuid = {98A12E54-72DD-4886-BA48-8FF4F8DC58B8}
	EndGlobalSection
EndGlobal
