
Microsoft Visual Studio Solution File, Format Version 12.00
# Visual Studio Version 17
VisualStudioVersion = 17.3.32929.385
MinimumVisualStudioVersion = 10.0.40219.1
Project("{FAE04EC0-301F-11D3-BF4B-00C04F79EFBC}") = "AddMenu", "AddMenu.csproj", "{6894E65D-1EF8-4CE3-A747-5E0838FC3D6D}"
EndProject
Global
	GlobalSection(SolutionConfigurationPlatforms) = preSolution
		Debug|Any CPU = Debug|Any CPU
		Release|Any CPU = Release|Any CPU
	EndGlobalSection
	GlobalSection(ProjectConfigurationPlatforms) = postSolution
		{6894E65D-1EF8-4CE3-A747-5E0838FC3D6D}.Debug|Any CPU.ActiveCfg = Debug|Any CPU
		{6894E65D-1EF8-4CE3-A747-5E0838FC3D6D}.Debug|Any CPU.Build.0 = Debug|Any CPU
		{6894E65D-1EF8-4CE3-A747-5E0838FC3D6D}.Release|Any CPU.ActiveCfg = Release|Any CPU
		{6894E65D-1EF8-4CE3-A747-5E0838FC3D6D}.Release|Any CPU.Build.0 = Release|Any CPU
	EndGlobalSection
	GlobalSection(SolutionProperties) = preSolution
		HideSolutionNode = FALSE
	EndGlobalSection
	GlobalSection(ExtensibilityGlobals) = postSolution
		SolutionGuid = {59C8846B-8439-4B99-8657-16C905FA5A4D}
	EndGlobalSection
EndGlobal
